
Microsoft Visual Studio Solution File, Format Version 12.00
# Visual Studio Version 16
VisualStudioVersion = 16.0.29613.14
MinimumVisualStudioVersion = 15.0.26124.0
Project("{9A19103F-16F7-4668-BE54-9A1E7A4F7556}") = "IntegerExtensions", "IntegerExtensions\IntegerExtensions.csproj", "{6CC69171-167D-4E6B-9E41-0465D023F751}"
EndProject
Project("{9A19103F-16F7-4668-BE54-9A1E7A4F7556}") = "IntegerExtensions.Tests", "IntegerExtensions.Tests\IntegerExtensions.Tests.csproj", "{E771DC0F-B5CC-4E69-855C-B4F2B1D79B1B}"
EndProject
Project("{9A19103F-16F7-4668-BE54-9A1E7A4F7556}") = "qwety", "qwety\qwety.csproj", "{53C33495-6BAB-439C-A58D-2201D9A4C025}"
EndProject
Project("{9A19103F-16F7-4668-BE54-9A1E7A4F7556}") = "GenericQueue", "GenericQueue\GenericQueue.csproj", "{BCD5AAA3-EA69-4A5B-9CE7-173178E9BD9A}"
EndProject
Project("{9A19103F-16F7-4668-BE54-9A1E7A4F7556}") = "GenericQueue.Tests", "GenericQueue.Tests\GenericQueue.Tests.csproj", "{C81DCC59-2227-4246-8E0A-B2A6B5425EAA}"
EndProject
Project("{9A19103F-16F7-4668-BE54-9A1E7A4F7556}") = "GenericsDemo", "GenericsDemo\GenericsDemo.csproj", "{3CBC2760-E14D-4C8E-8763-6AF5EFC3B0D0}"
EndProject
Project("{9A19103F-16F7-4668-BE54-9A1E7A4F7556}") = "GenericDemo.Tests", "GenericDemo.Tests\GenericDemo.Tests.csproj", "{DE91E92B-900A-412D-A404-84878B89FE2C}"
EndProject
Global
	GlobalSection(SolutionConfigurationPlatforms) = preSolution
		Debug|Any CPU = Debug|Any CPU
		Release|Any CPU = Release|Any CPU
	EndGlobalSection
	GlobalSection(ProjectConfigurationPlatforms) = postSolution
		{6CC69171-167D-4E6B-9E41-0465D023F751}.Debug|Any CPU.ActiveCfg = Debug|Any CPU
		{6CC69171-167D-4E6B-9E41-0465D023F751}.Debug|Any CPU.Build.0 = Debug|Any CPU
		{6CC69171-167D-4E6B-9E41-0465D023F751}.Release|Any CPU.ActiveCfg = Release|Any CPU
		{6CC69171-167D-4E6B-9E41-0465D023F751}.Release|Any CPU.Build.0 = Release|Any CPU
		{E771DC0F-B5CC-4E69-855C-B4F2B1D79B1B}.Debug|Any CPU.ActiveCfg = Debug|Any CPU
		{E771DC0F-B5CC-4E69-855C-B4F2B1D79B1B}.Debug|Any CPU.Build.0 = Debug|Any CPU
		{E771DC0F-B5CC-4E69-855C-B4F2B1D79B1B}.Release|Any CPU.ActiveCfg = Release|Any CPU
		{E771DC0F-B5CC-4E69-855C-B4F2B1D79B1B}.Release|Any CPU.Build.0 = Release|Any CPU
		{53C33495-6BAB-439C-A58D-2201D9A4C025}.Debug|Any CPU.ActiveCfg = Debug|Any CPU
		{53C33495-6BAB-439C-A58D-2201D9A4C025}.Debug|Any CPU.Build.0 = Debug|Any CPU
		{53C33495-6BAB-439C-A58D-2201D9A4C025}.Release|Any CPU.ActiveCfg = Release|Any CPU
		{53C33495-6BAB-439C-A58D-2201D9A4C025}.Release|Any CPU.Build.0 = Release|Any CPU
		{BCD5AAA3-EA69-4A5B-9CE7-173178E9BD9A}.Debug|Any CPU.ActiveCfg = Debug|Any CPU
		{BCD5AAA3-EA69-4A5B-9CE7-173178E9BD9A}.Debug|Any CPU.Build.0 = Debug|Any CPU
		{BCD5AAA3-EA69-4A5B-9CE7-173178E9BD9A}.Release|Any CPU.ActiveCfg = Release|Any CPU
		{BCD5AAA3-EA69-4A5B-9CE7-173178E9BD9A}.Release|Any CPU.Build.0 = Release|Any CPU
		{C81DCC59-2227-4246-8E0A-B2A6B5425EAA}.Debug|Any CPU.ActiveCfg = Debug|Any CPU
		{C81DCC59-2227-4246-8E0A-B2A6B5425EAA}.Debug|Any CPU.Build.0 = Debug|Any CPU
		{C81DCC59-2227-4246-8E0A-B2A6B5425EAA}.Release|Any CPU.ActiveCfg = Release|Any CPU
		{C81DCC59-2227-4246-8E0A-B2A6B5425EAA}.Release|Any CPU.Build.0 = Release|Any CPU
		{3CBC2760-E14D-4C8E-8763-6AF5EFC3B0D0}.Debug|Any CPU.ActiveCfg = Debug|Any CPU
		{3CBC2760-E14D-4C8E-8763-6AF5EFC3B0D0}.Debug|Any CPU.Build.0 = Debug|Any CPU
		{3CBC2760-E14D-4C8E-8763-6AF5EFC3B0D0}.Release|Any CPU.ActiveCfg = Release|Any CPU
		{3CBC2760-E14D-4C8E-8763-6AF5EFC3B0D0}.Release|Any CPU.Build.0 = Release|Any CPU
		{DE91E92B-900A-412D-A404-84878B89FE2C}.Debug|Any CPU.ActiveCfg = Debug|Any CPU
		{DE91E92B-900A-412D-A404-84878B89FE2C}.Debug|Any CPU.Build.0 = Debug|Any CPU
		{DE91E92B-900A-412D-A404-84878B89FE2C}.Release|Any CPU.ActiveCfg = Release|Any CPU
		{DE91E92B-900A-412D-A404-84878B89FE2C}.Release|Any CPU.Build.0 = Release|Any CPU
	EndGlobalSection
	GlobalSection(SolutionProperties) = preSolution
		HideSolutionNode = FALSE
	EndGlobalSection
	GlobalSection(ExtensibilityGlobals) = postSolution
		SolutionGuid = {5C56FC4B-F7F5-4F99-862E-E23D2F647CF2}
	EndGlobalSection
EndGlobal
